lockfileVersion: '9.0'

settings:
  autoInstallPeers: true
  excludeLinksFromLockfile: false

importers:

  .:
    dependencies:
      '@golevelup/nestjs-rabbitmq':
        specifier: ^5.7.0
        version: 5.7.0(@nestjs/common@11.0.12(reflect-metadata@0.2.2)(rxjs@7.8.2))(@nestjs/core@11.0.12(@nestjs/common@11.0.12(reflect-metadata@0.2.2)(rxjs@7.8.2))(reflect-metadata@0.2.2)(rxjs@7.8.2))(reflect-metadata@0.2.2)(rxjs@7.8.2)

packages:

  '@acuminous/bitsyntax@0.1.2':
    resolution: {integrity: sha512-29lUK80d1muEQqiUsSo+3A0yP6CdspgC95EnKBMi22Xlwt79i/En4Vr67+cXhU+cZjbti3TgGGC5wy1stIywVQ==}
    engines: {node: '>=0.8'}

  '@golevelup/nestjs-discovery@4.0.3':
    resolution: {integrity: sha512-8w3CsXHN7+7Sn2i419Eal1Iw/kOjAd6Kb55M/ZqKBBwACCMn4WiEuzssC71LpBMI1090CiDxuelfPRwwIrQK+A==}
    peerDependencies:
      '@nestjs/common': ^10.x || ^11.0.0
      '@nestjs/core': ^10.x || ^11.0.0

  '@golevelup/nestjs-rabbitmq@5.7.0':
    resolution: {integrity: sha512-0j+r+Fg515UCJUds8irkTpQwps0LVGnEP1aLGr4VDflGdr1jmvVkFukfUtpa/cMuKC9vFe2v1LBe/D584Vpobg==}
    peerDependencies:
      '@nestjs/common': ^10.x || ^11.0.0
      '@nestjs/core': ^10.x || ^11.0.0
      reflect-metadata: ^0.2.2
      rxjs: ^7.x

  '@lukeed/csprng@1.1.0':
    resolution: {integrity: sha512-Z7C/xXCiGWsg0KuKsHTKJxbWhpI3Vs5GwLfOean7MGyVFGqdRgBbAjOCh6u4bbjPc/8MJ2pZmK/0DLdCbivLDA==}
    engines: {node: '>=8'}

  '@nestjs/common@11.0.12':
    resolution: {integrity: sha512-6PXxmDe2iYmb57xacnxzpW1NAxRZ7Gf+acMT7/hmRB/4KpZiFU/cNvLWwgbM2BL5QSzQulOwY6ny5bbKnPpB+A==}
    peerDependencies:
      class-transformer: '*'
      class-validator: '*'
      reflect-metadata: ^0.1.12 || ^0.2.0
      rxjs: ^7.1.0
    peerDependenciesMeta:
      class-transformer:
        optional: true
      class-validator:
        optional: true

  '@nestjs/core@11.0.12':
    resolution: {integrity: sha512-micQrbh9iL0PuYVx2vsUojuNmMUyqoMCuj7eGAUhvjiZUh4DBLPdxYmJEayCT/equHSiw9vNC95Vm0JigVZ44g==}
    engines: {node: '>= 20'}
    peerDependencies:
      '@nestjs/common': ^11.0.0
      '@nestjs/microservices': ^11.0.0
      '@nestjs/platform-express': ^11.0.0
      '@nestjs/websockets': ^11.0.0
      reflect-metadata: ^0.1.12 || ^0.2.0
      rxjs: ^7.1.0
    peerDependenciesMeta:
      '@nestjs/microservices':
        optional: true
      '@nestjs/platform-express':
        optional: true
      '@nestjs/websockets':
        optional: true

  '@nuxt/opencollective@0.4.1':
    resolution: {integrity: sha512-GXD3wy50qYbxCJ652bDrDzgMr3NFEkIS374+IgFQKkCvk9yiYcLvX2XDYr7UyQxf4wK0e+yqDYRubZ0DtOxnmQ==}
    engines: {node: ^14.18.0 || >=16.10.0, npm: '>=5.10.0'}
    hasBin: true

  amqp-connection-manager@4.1.14:
    resolution: {integrity: sha512-1km47dIvEr0HhMUazqovSvNwIlSvDX2APdUpULaINtHpiki1O+cLRaTeXb/jav4OLtH+k6GBXx5gsKOT9kcGKQ==}
    engines: {node: '>=10.0.0', npm: '>5.0.0'}
    peerDependencies:
      amqplib: '*'

  amqplib@0.10.5:
    resolution: {integrity: sha512-Dx5zmy0Ur+Q7LPPdhz+jx5IzmJBoHd15tOeAfQ8SuvEtyPJ20hBemhOBA4b1WeORCRa0ENM/kHCzmem1w/zHvQ==}
    engines: {node: '>=10'}

  buffer-more-ints@1.0.0:
    resolution: {integrity: sha512-EMetuGFz5SLsT0QTnXzINh4Ksr+oo4i+UGTXEshiGCQWnsgSs7ZhJ8fzlwQ+OzEMs0MpDAMr1hxnblp5a4vcHg==}

  consola@3.4.2:
    resolution: {integrity: sha512-5IKcdX0nnYavi6G7TtOhwkYzyjfJlatbjMjuLSfE2kYT5pMDOilZ4OvMhi637CcDICTmz3wARPoyhqyX1Y+XvA==}
    engines: {node: ^14.18.0 || >=16.10.0}

  debug@4.4.0:
    resolution: {integrity: sha512-6WTZ/IxCY/T6BALoZHaE4ctp9xm+Z5kY/pzYaCHRFeyVhojxlrm+46y68HA6hr0TcwEssoxNiDEUJQjfPZ/RYA==}
    engines: {node: '>=6.0'}
    peerDependencies:
      supports-color: '*'
    peerDependenciesMeta:
      supports-color:
        optional: true

  fast-safe-stringify@2.1.1:
    resolution: {integrity: sha512-W+KJc2dmILlPplD/H4K9l9LcAHAfPtP6BY84uVLXQ6Evcz9Lcg33Y2z1IVblT6xdY54PXYVHEv+0Wpq8Io6zkA==}

  iterare@1.2.1:
    resolution: {integrity: sha512-RKYVTCjAnRthyJes037NX/IiqeidgN1xc3j1RjFfECFp28A1GVwK9nA+i0rJPaHqSZwygLzRnFlzUuHFoWWy+Q==}
    engines: {node: '>=6'}

  lodash@4.17.21:
    resolution: {integrity: sha512-v2kDEe57lecTulaDIuNTPy3Ry4gLGJ6Z1O3vE1krgXZNrsQ+LFTGHVxVjcXPs17LhbZVGedAJv8XZ1tvj5FvSg==}

  ms@2.1.3:
    resolution: {integrity: sha512-6FlzubTLZG3J2a/NVCAleEhjzq5oxgHyaCU9yYXvcLsvoVaHJq/s5xXI6/XXP6tz7R9xAOtHnSO/tXtF3WRTlA==}

  path-to-regexp@8.2.0:
    resolution: {integrity: sha512-TdrF7fW9Rphjq4RjrW0Kp2AW0Ahwu9sRGTkS6bvDi0SCwZlEZYmcfDbEsTz8RVk0EHIS/Vd1bv3JhG+1xZuAyQ==}
    engines: {node: '>=16'}

  promise-breaker@6.0.0:
    resolution: {integrity: sha512-BthzO9yTPswGf7etOBiHCVuugs2N01/Q/94dIPls48z2zCmrnDptUUZzfIb+41xq0MnYZ/BzmOd6ikDR4ibNZA==}

  querystringify@2.2.0:
    resolution: {integrity: sha512-FIqgj2EUvTa7R50u0rGsyTftzjYmv/a3hO345bZNrqabNqjtgiDMgmo4mkUjd+nzU5oF3dClKqFIPUKybUyqoQ==}

  reflect-metadata@0.2.2:
    resolution: {integrity: sha512-urBwgfrvVP/eAyXx4hluJivBKzuEbSQs9rKWCrCkbSxNv8mxPcUZKeuoF3Uy4mJl3Lwprp6yy5/39VWigZ4K6Q==}

  requires-port@1.0.0:
    resolution: {integrity: sha512-KigOCHcocU3XODJxsu8i/j8T9tzT4adHiecwORRQ0ZZFcp7ahwXuRU1m+yuO90C5ZUyGeGfocHDI14M3L3yDAQ==}

  rxjs@7.8.2:
    resolution: {integrity: sha512-dhKf903U/PQZY6boNNtAGdWbG85WAbjT/1xYoZIC7FAY0yWapOBQVsVrDl58W86//e1VpMNBtRV4MaXfdMySFA==}

  safe-buffer@5.1.2:
    resolution: {integrity: sha512-Gd2UZBJDkXlY7GbJxfsE8/nvKkUEU1G38c1siN6QP6a9PT9MmHB8GnpscSmMJSoF8LOIrt8ud/wPtojys4G6+g==}

  tslib@2.8.1:
    resolution: {integrity: sha512-oJFu94HQb+KVduSUQL7wnpmqnfmLsOA/nAh6b6EH0wCEoK0/mPeXU6c3wKDV83MkOuHPRHtSXKKU99IBazS/2w==}

  uid@2.0.2:
    resolution: {integrity: sha512-u3xV3X7uzvi5b1MncmZo3i2Aw222Zk1keqLA1YkHldREkAhAqi65wuPfe7lHx8H/Wzy+8CE7S7uS3jekIM5s8g==}
    engines: {node: '>=8'}

  url-parse@1.5.10:
    resolution: {integrity: sha512-WypcfiRhfeUP9vvF0j6rw0J3hrWrw6iZv3+22h6iRMJ/8z1Tj6XfLP4DsUix5MhMPnXpiHDoKyoZ/bdCkwBCiQ==}

snapshots:

  '@acuminous/bitsyntax@0.1.2':
    dependencies:
      buffer-more-ints: 1.0.0
      debug: 4.4.0
      safe-buffer: 5.1.2
    transitivePeerDependencies:
      - supports-color

  '@golevelup/nestjs-discovery@4.0.3(@nestjs/common@11.0.12(reflect-metadata@0.2.2)(rxjs@7.8.2))(@nestjs/core@11.0.12(@nestjs/common@11.0.12(reflect-metadata@0.2.2)(rxjs@7.8.2))(reflect-metadata@0.2.2)(rxjs@7.8.2))':
    dependencies:
      '@nestjs/common': 11.0.12(reflect-metadata@0.2.2)(rxjs@7.8.2)
      '@nestjs/core': 11.0.12(@nestjs/common@11.0.12(reflect-metadata@0.2.2)(rxjs@7.8.2))(reflect-metadata@0.2.2)(rxjs@7.8.2)
      lodash: 4.17.21

  '@golevelup/nestjs-rabbitmq@5.7.0(@nestjs/common@11.0.12(reflect-metadata@0.2.2)(rxjs@7.8.2))(@nestjs/core@11.0.12(@nestjs/common@11.0.12(reflect-metadata@0.2.2)(rxjs@7.8.2))(reflect-metadata@0.2.2)(rxjs@7.8.2))(reflect-metadata@0.2.2)(rxjs@7.8.2)':
    dependencies:
      '@golevelup/nestjs-discovery': 4.0.3(@nestjs/common@11.0.12(reflect-metadata@0.2.2)(rxjs@7.8.2))(@nestjs/core@11.0.12(@nestjs/common@11.0.12(reflect-metadata@0.2.2)(rxjs@7.8.2))(reflect-metadata@0.2.2)(rxjs@7.8.2))
      '@nestjs/common': 11.0.12(reflect-metadata@0.2.2)(rxjs@7.8.2)
      '@nestjs/core': 11.0.12(@nestjs/common@11.0.12(reflect-metadata@0.2.2)(rxjs@7.8.2))(reflect-metadata@0.2.2)(rxjs@7.8.2)
      amqp-connection-manager: 4.1.14(amqplib@0.10.5)
      amqplib: 0.10.5
      lodash: 4.17.21
      reflect-metadata: 0.2.2
      rxjs: 7.8.2
    transitivePeerDependencies:
      - supports-color

  '@lukeed/csprng@1.1.0': {}

  '@nestjs/common@11.0.12(reflect-metadata@0.2.2)(rxjs@7.8.2)':
    dependencies:
      iterare: 1.2.1
      reflect-metadata: 0.2.2
      rxjs: 7.8.2
      tslib: 2.8.1
      uid: 2.0.2

  '@nestjs/core@11.0.12(@nestjs/common@11.0.12(reflect-metadata@0.2.2)(rxjs@7.8.2))(reflect-metadata@0.2.2)(rxjs@7.8.2)':
    dependencies:
      '@nestjs/common': 11.0.12(reflect-metadata@0.2.2)(rxjs@7.8.2)
      '@nuxt/opencollective': 0.4.1
      fast-safe-stringify: 2.1.1
      iterare: 1.2.1
      path-to-regexp: 8.2.0
      reflect-metadata: 0.2.2
      rxjs: 7.8.2
      tslib: 2.8.1
      uid: 2.0.2

  '@nuxt/opencollective@0.4.1':
    dependencies:
      consola: 3.4.2

  amqp-connection-manager@4.1.14(amqplib@0.10.5):
    dependencies:
      amqplib: 0.10.5
      promise-breaker: 6.0.0

  amqplib@0.10.5:
    dependencies:
      '@acuminous/bitsyntax': 0.1.2
      buffer-more-ints: 1.0.0
      url-parse: 1.5.10
    transitivePeerDependencies:
      - supports-color

  buffer-more-ints@1.0.0: {}

  consola@3.4.2: {}

  debug@4.4.0:
    dependencies:
      ms: 2.1.3

  fast-safe-stringify@2.1.1: {}

  iterare@1.2.1: {}

  lodash@4.17.21: {}

  ms@2.1.3: {}

  path-to-regexp@8.2.0: {}

  promise-breaker@6.0.0: {}

  querystringify@2.2.0: {}

  reflect-metadata@0.2.2: {}

  requires-port@1.0.0: {}

  rxjs@7.8.2:
    dependencies:
      tslib: 2.8.1

  safe-buffer@5.1.2: {}

  tslib@2.8.1: {}

  uid@2.0.2:
    dependencies:
      '@lukeed/csprng': 1.1.0

  url-parse@1.5.10:
    dependencies:
      querystringify: 2.2.0
      requires-port: 1.0.0
